
Microsoft Visual Studio Solution File, Format Version 12.00
# Visual Studio Version 16
VisualStudioVersion = 16.0.34729.46
MinimumVisualStudioVersion = 10.0.40219.1
Project("{8BC9CEB8-8B4A-11D0-8D11-00A0C91BC942}") = "Varfolomeev main", "Varfolomeev main\Varfolomeev main.vcxproj", "{8C356F5D-574D-4B3E-9EF7-9F3C3A51672C}"
EndProject
Global
	GlobalSection(SolutionConfigurationPlatforms) = preSolution
		Debug|x64 = Debug|x64
		Debug|x86 = Debug|x86
		Release|x64 = Release|x64
		Release|x86 = Release|x86
	EndGlobalSection
	GlobalSection(ProjectConfigurationPlatforms) = postSolution
		{8C356F5D-574D-4B3E-9EF7-9F3C3A51672C}.Debug|x64.ActiveCfg = Debug|x64
		{8C356F5D-574D-4B3E-9EF7-9F3C3A51672C}.Debug|x64.Build.0 = Debug|x64
		{8C356F5D-574D-4B3E-9EF7-9F3C3A51672C}.Debug|x86.ActiveCfg = Debug|Win32
		{8C356F5D-574D-4B3E-9EF7-9F3C3A51672C}.Debug|x86.Build.0 = Debug|Win32
		{8C356F5D-574D-4B3E-9EF7-9F3C3A51672C}.Release|x64.ActiveCfg = Release|x64
		{8C356F5D-574D-4B3E-9EF7-9F3C3A51672C}.Release|x64.Build.0 = Release|x64
		{8C356F5D-574D-4B3E-9EF7-9F3C3A51672C}.Release|x86.ActiveCfg = Release|Win32
		{8C356F5D-574D-4B3E-9EF7-9F3C3A51672C}.Release|x86.Build.0 = Release|Win32
	EndGlobalSection
	GlobalSection(SolutionProperties) = preSolution
		HideSolutionNode = FALSE
	EndGlobalSection
	GlobalSection(ExtensibilityGlobals) = postSolution
		SolutionGuid = {8FAB5D46-8DE4-42FD-9262-4A5D9AEF9193}
	EndGlobalSection
EndGlobal
